<Solution>
  <Project Path="1/1.csproj" Id="f41470f6-3c48-48ee-8705-f4af627a722e" />
  <Project Path="2/2.csproj" Id="be29ac93-2901-493a-a72c-adc6413ac001" />
  <Project Path="3/3.csproj" Id="77dfb8e9-c674-466d-8c84-aae503eaef2d" />
  <Project Path="4/4.csproj" Id="5a482e05-1085-4066-b6a1-52e1d23722d2" />
  <Project Path="5/5.csproj" Id="8a10a9c6-aa0e-4a47-8e5e-35b632f9fd23" />
  <Project Path="6/6.csproj" Id="835bcffa-2595-474b-8006-d934c1fd354d" />
  <Project Path="7/7.csproj" Id="588b1fa1-a596-4384-b320-0b58336a8da9" />
  <Project Path="8/8.csproj" Id="b8f75dc8-3d9c-47c7-9497-038c51a7c13f" />
</Solution>
